
Microsoft Visual Studio Solution File, Format Version 12.00
# Visual Studio Version 16
VisualStudioVersion = 16.0.31205.134
MinimumVisualStudioVersion = 10.0.40219.1
Project("{FAE04EC0-301F-11D3-BF4B-00C04F79EFBC}") = "SchoolApiLink", "SchoolApiLink.csproj", "{83081F67-25CA-4AAD-9774-D28B081D1A18}"
EndProject
Global
	GlobalSection(SolutionConfigurationPlatforms) = preSolution
		Debug|Any CPU = Debug|Any CPU
		Release|Any CPU = Release|Any CPU
	EndGlobalSection
	GlobalSection(ProjectConfigurationPlatforms) = postSolution
		{83081F67-25CA-4AAD-9774-D28B081D1A18}.Debug|Any CPU.ActiveCfg = Debug|Any CPU
		{83081F67-25CA-4AAD-9774-D28B081D1A18}.Debug|Any CPU.Build.0 = Debug|Any CPU
		{83081F67-25CA-4AAD-9774-D28B081D1A18}.Release|Any CPU.ActiveCfg = Release|Any CPU
		{83081F67-25CA-4AAD-9774-D28B081D1A18}.Release|Any CPU.Build.0 = Release|Any CPU
	EndGlobalSection
	GlobalSection(SolutionProperties) = preSolution
		HideSolutionNode = FALSE
	EndGlobalSection
	GlobalSection(ExtensibilityGlobals) = postSolution
		SolutionGuid = {A68A0A83-105A-4D2B-AA3B-86A3619AD3B7}
	EndGlobalSection
EndGlobal
